
Microsoft Visual Studio Solution File, Format Version 12.00
# Visual Studio Version 16
VisualStudioVersion = 16.0.31321.278
MinimumVisualStudioVersion = 10.0.40219.1
Project("{9A19103F-16F7-4668-BE54-9A1E7A4F7556}") = "RestaurantReservation.Server", "RestaurantReservation\Server\RestaurantReservation.Server.csproj", "{5D275FDE-808D-4D03-A8E7-BB8E5FBF60C1}"
EndProject
Project("{9A19103F-16F7-4668-BE54-9A1E7A4F7556}") = "RestaurantReservation.Client", "RestaurantReservation\Client\RestaurantReservation.Client.csproj", "{DD1F53F4-FD4B-41A4-8A5F-8A527D5CB2F0}"
EndProject
Project("{9A19103F-16F7-4668-BE54-9A1E7A4F7556}") = "RestaurantReservation.Shared", "RestaurantReservation\Shared\RestaurantReservation.Shared.csproj", "{5913C723-4FBA-4D93-9133-96A9922EF4C1}"
EndProject
Project("{9A19103F-16F7-4668-BE54-9A1E7A4F7556}") = "RestaurantReservation.ViewModels", "RestaurantReservation.ViewModels\RestaurantReservation.ViewModels.csproj", "{3D3B68AF-F6D9-420C-8EE7-9D7DA16F55FC}"
EndProject
Project("{FAE04EC0-301F-11D3-BF4B-00C04F79EFBC}") = "RestaurantReservation.Domain", "RestaurantReservation.Domain\RestaurantReservation.Domain.csproj", "{EA0CD3AD-E712-4735-B7F4-3F5B0F54068A}"
EndProject
Global
	GlobalSection(SolutionConfigurationPlatforms) = preSolution
		Debug|Any CPU = Debug|Any CPU
		Release|Any CPU = Release|Any CPU
	EndGlobalSection
	GlobalSection(ProjectConfigurationPlatforms) = postSolution
		{5D275FDE-808D-4D03-A8E7-BB8E5FBF60C1}.Debug|Any CPU.ActiveCfg = Debug|Any CPU
		{5D275FDE-808D-4D03-A8E7-BB8E5FBF60C1}.Debug|Any CPU.Build.0 = Debug|Any CPU
		{5D275FDE-808D-4D03-A8E7-BB8E5FBF60C1}.Release|Any CPU.ActiveCfg = Release|Any CPU
		{5D275FDE-808D-4D03-A8E7-BB8E5FBF60C1}.Release|Any CPU.Build.0 = Release|Any CPU
		{DD1F53F4-FD4B-41A4-8A5F-8A527D5CB2F0}.Debug|Any CPU.ActiveCfg = Debug|Any CPU
		{DD1F53F4-FD4B-41A4-8A5F-8A527D5CB2F0}.Debug|Any CPU.Build.0 = Debug|Any CPU
		{DD1F53F4-FD4B-41A4-8A5F-8A527D5CB2F0}.Release|Any CPU.ActiveCfg = Release|Any CPU
		{DD1F53F4-FD4B-41A4-8A5F-8A527D5CB2F0}.Release|Any CPU.Build.0 = Release|Any CPU
		{5913C723-4FBA-4D93-9133-96A9922EF4C1}.Debug|Any CPU.ActiveCfg = Debug|Any CPU
		{5913C723-4FBA-4D93-9133-96A9922EF4C1}.Debug|Any CPU.Build.0 = Debug|Any CPU
		{5913C723-4FBA-4D93-9133-96A9922EF4C1}.Release|Any CPU.ActiveCfg = Release|Any CPU
		{5913C723-4FBA-4D93-9133-96A9922EF4C1}.Release|Any CPU.Build.0 = Release|Any CPU
		{3D3B68AF-F6D9-420C-8EE7-9D7DA16F55FC}.Debug|Any CPU.ActiveCfg = Debug|Any CPU
		{3D3B68AF-F6D9-420C-8EE7-9D7DA16F55FC}.Debug|Any CPU.Build.0 = Debug|Any CPU
		{3D3B68AF-F6D9-420C-8EE7-9D7DA16F55FC}.Release|Any CPU.ActiveCfg = Release|Any CPU
		{3D3B68AF-F6D9-420C-8EE7-9D7DA16F55FC}.Release|Any CPU.Build.0 = Release|Any CPU
		{EA0CD3AD-E712-4735-B7F4-3F5B0F54068A}.Debug|Any CPU.ActiveCfg = Debug|Any CPU
		{EA0CD3AD-E712-4735-B7F4-3F5B0F54068A}.Debug|Any CPU.Build.0 = Debug|Any CPU
		{EA0CD3AD-E712-4735-B7F4-3F5B0F54068A}.Release|Any CPU.ActiveCfg = Release|Any CPU
		{EA0CD3AD-E712-4735-B7F4-3F5B0F54068A}.Release|Any CPU.Build.0 = Release|Any CPU
	EndGlobalSection
	GlobalSection(SolutionProperties) = preSolution
		HideSolutionNode = FALSE
	EndGlobalSection
	GlobalSection(ExtensibilityGlobals) = postSolution
		SolutionGuid = {CE3EC937-6279-45E8-A4C8-9F93A58C2D3F}
	EndGlobalSection
EndGlobal
